
Microsoft Visual Studio Solution File, Format Version 12.00
# Visual Studio Version 17
VisualStudioVersion = 17.0.32014.148
MinimumVisualStudioVersion = 10.0.40219.1
Project("{8BC9CEB8-8B4A-11D0-8D11-00A0C91BC942}") = "c express ch7_10", "c express ch7_10\c express ch7_10.vcxproj", "{F8061778-24E1-49F6-90B1-0D667C65D165}"
EndProject
Global
	GlobalSection(SolutionConfigurationPlatforms) = preSolution
		Debug|x64 = Debug|x64
		Debug|x86 = Debug|x86
		Release|x64 = Release|x64
		Release|x86 = Release|x86
	EndGlobalSection
	GlobalSection(ProjectConfigurationPlatforms) = postSolution
		{F8061778-24E1-49F6-90B1-0D667C65D165}.Debug|x64.ActiveCfg = Debug|x64
		{F8061778-24E1-49F6-90B1-0D667C65D165}.Debug|x64.Build.0 = Debug|x64
		{F8061778-24E1-49F6-90B1-0D667C65D165}.Debug|x86.ActiveCfg = Debug|Win32
		{F8061778-24E1-49F6-90B1-0D667C65D165}.Debug|x86.Build.0 = Debug|Win32
		{F8061778-24E1-49F6-90B1-0D667C65D165}.Release|x64.ActiveCfg = Release|x64
		{F8061778-24E1-49F6-90B1-0D667C65D165}.Release|x64.Build.0 = Release|x64
		{F8061778-24E1-49F6-90B1-0D667C65D165}.Release|x86.ActiveCfg = Release|Win32
		{F8061778-24E1-49F6-90B1-0D667C65D165}.Release|x86.Build.0 = Release|Win32
	EndGlobalSection
	GlobalSection(SolutionProperties) = preSolution
		HideSolutionNode = FALSE
	EndGlobalSection
	GlobalSection(ExtensibilityGlobals) = postSolution
		SolutionGuid = {FF9FAC19-134C-4FC5-AE7C-61F23FD93B87}
	EndGlobalSection
EndGlobal
